
Microsoft Visual Studio Solution File, Format Version 12.00
# Visual Studio 2012
Project("{FAE04EC0-301F-11D3-BF4B-00C04F79EFBC}") = "AMC", "AMC\AMC.csproj", "{3F8912F1-A749-49D4-B60A-EEB4A7CBB56B}"
EndProject
Project("{FAE04EC0-301F-11D3-BF4B-00C04F79EFBC}") = "DEL", "DEL\DEL.csproj", "{73E03590-9EE9-4C33-95A6-BFA26FBAA42C}"
EndProject
Project("{FAE04EC0-301F-11D3-BF4B-00C04F79EFBC}") = "DAL", "DAL\DAL.csproj", "{3829C4AA-46BA-4295-BC67-898136E68D7F}"
EndProject
Project("{FAE04EC0-301F-11D3-BF4B-00C04F79EFBC}") = "BLL", "BLL\BLL.csproj", "{E9B05D81-0370-4124-AEB5-F9A7016C4C79}"
EndProject
Global
	GlobalSection(SolutionConfigurationPlatforms) = preSolution
		Debug|Any CPU = Debug|Any CPU
		Release|Any CPU = Release|Any CPU
	EndGlobalSection
	GlobalSection(ProjectConfigurationPlatforms) = postSolution
		{3F8912F1-A749-49D4-B60A-EEB4A7CBB56B}.Debug|Any CPU.ActiveCfg = Debug|Any CPU
		{3F8912F1-A749-49D4-B60A-EEB4A7CBB56B}.Debug|Any CPU.Build.0 = Debug|Any CPU
		{3F8912F1-A749-49D4-B60A-EEB4A7CBB56B}.Release|Any CPU.ActiveCfg = Release|Any CPU
		{3F8912F1-A749-49D4-B60A-EEB4A7CBB56B}.Release|Any CPU.Build.0 = Release|Any CPU
		{73E03590-9EE9-4C33-95A6-BFA26FBAA42C}.Debug|Any CPU.ActiveCfg = Debug|Any CPU
		{73E03590-9EE9-4C33-95A6-BFA26FBAA42C}.Debug|Any CPU.Build.0 = Debug|Any CPU
		{73E03590-9EE9-4C33-95A6-BFA26FBAA42C}.Release|Any CPU.ActiveCfg = Release|Any CPU
		{73E03590-9EE9-4C33-95A6-BFA26FBAA42C}.Release|Any CPU.Build.0 = Release|Any CPU
		{3829C4AA-46BA-4295-BC67-898136E68D7F}.Debug|Any CPU.ActiveCfg = Debug|Any CPU
		{3829C4AA-46BA-4295-BC67-898136E68D7F}.Debug|Any CPU.Build.0 = Debug|Any CPU
		{3829C4AA-46BA-4295-BC67-898136E68D7F}.Release|Any CPU.ActiveCfg = Release|Any CPU
		{3829C4AA-46BA-4295-BC67-898136E68D7F}.Release|Any CPU.Build.0 = Release|Any CPU
		{E9B05D81-0370-4124-AEB5-F9A7016C4C79}.Debug|Any CPU.ActiveCfg = Debug|Any CPU
		{E9B05D81-0370-4124-AEB5-F9A7016C4C79}.Debug|Any CPU.Build.0 = Debug|Any CPU
		{E9B05D81-0370-4124-AEB5-F9A7016C4C79}.Release|Any CPU.ActiveCfg = Release|Any CPU
		{E9B05D81-0370-4124-AEB5-F9A7016C4C79}.Release|Any CPU.Build.0 = Release|Any CPU
	EndGlobalSection
	GlobalSection(SolutionProperties) = preSolution
		HideSolutionNode = FALSE
	EndGlobalSection
EndGlobal
